
Microsoft Visual Studio Solution File, Format Version 12.00
# Visual Studio Version 16
VisualStudioVersion = 16.0.29926.136
MinimumVisualStudioVersion = 10.0.40219.1
Project("{888888A0-9F3D-457C-B088-3A5042F75D52}") = "frequencySort", "frequencySort.pyproj", "{BC789CD0-9CDF-4F59-9EB2-7061A6F30744}"
EndProject
Global
	GlobalSection(SolutionConfigurationPlatforms) = preSolution
		Debug|Any CPU = Debug|Any CPU
		Release|Any CPU = Release|Any CPU
	EndGlobalSection
	GlobalSection(ProjectConfigurationPlatforms) = postSolution
		{BC789CD0-9CDF-4F59-9EB2-7061A6F30744}.Debug|Any CPU.ActiveCfg = Debug|Any CPU
		{BC789CD0-9CDF-4F59-9EB2-7061A6F30744}.Release|Any CPU.ActiveCfg = Release|Any CPU
	EndGlobalSection
	GlobalSection(SolutionProperties) = preSolution
		HideSolutionNode = FALSE
	EndGlobalSection
	GlobalSection(ExtensibilityGlobals) = postSolution
		SolutionGuid = {4BE2ADF3-FF0D-4B0D-A23C-2240E6D7CB81}
	EndGlobalSection
EndGlobal
