
Microsoft Visual Studio Solution File, Format Version 12.00
# Visual Studio Version 16
VisualStudioVersion = 16.0.29920.165
MinimumVisualStudioVersion = 10.0.40219.1
Project("{FAE04EC0-301F-11D3-BF4B-00C04F79EFBC}") = "MaxSubarraySumCircular", "MaxSubarraySumCircular.csproj", "{D1F643C2-4E1A-44A3-9376-98B14B823C02}"
EndProject
Global
	GlobalSection(SolutionConfigurationPlatforms) = preSolution
		Debug|Any CPU = Debug|Any CPU
		Release|Any CPU = Release|Any CPU
	EndGlobalSection
	GlobalSection(ProjectConfigurationPlatforms) = postSolution
		{D1F643C2-4E1A-44A3-9376-98B14B823C02}.Debug|Any CPU.ActiveCfg = Debug|Any CPU
		{D1F643C2-4E1A-44A3-9376-98B14B823C02}.Debug|Any CPU.Build.0 = Debug|Any CPU
		{D1F643C2-4E1A-44A3-9376-98B14B823C02}.Release|Any CPU.ActiveCfg = Release|Any CPU
		{D1F643C2-4E1A-44A3-9376-98B14B823C02}.Release|Any CPU.Build.0 = Release|Any CPU
	EndGlobalSection
	GlobalSection(SolutionProperties) = preSolution
		HideSolutionNode = FALSE
	EndGlobalSection
	GlobalSection(ExtensibilityGlobals) = postSolution
		SolutionGuid = {A7B8005C-2207-4748-A1CE-B53CB133F20A}
	EndGlobalSection
EndGlobal
