
Microsoft Visual Studio Solution File, Format Version 12.00
# Visual Studio Version 16
VisualStudioVersion = 16.0.29926.136
MinimumVisualStudioVersion = 10.0.40219.1
Project("{FAE04EC0-301F-11D3-BF4B-00C04F79EFBC}") = "LeftMostColumnWithOne", "LeftMostColumnWithOne.csproj", "{C0382A50-E292-4E48-8803-D70FB450012D}"
EndProject
Global
	GlobalSection(SolutionConfigurationPlatforms) = preSolution
		Debug|Any CPU = Debug|Any CPU
		Release|Any CPU = Release|Any CPU
	EndGlobalSection
	GlobalSection(ProjectConfigurationPlatforms) = postSolution
		{C0382A50-E292-4E48-8803-D70FB450012D}.Debug|Any CPU.ActiveCfg = Debug|Any CPU
		{C0382A50-E292-4E48-8803-D70FB450012D}.Debug|Any CPU.Build.0 = Debug|Any CPU
		{C0382A50-E292-4E48-8803-D70FB450012D}.Release|Any CPU.ActiveCfg = Release|Any CPU
		{C0382A50-E292-4E48-8803-D70FB450012D}.Release|Any CPU.Build.0 = Release|Any CPU
	EndGlobalSection
	GlobalSection(SolutionProperties) = preSolution
		HideSolutionNode = FALSE
	EndGlobalSection
	GlobalSection(ExtensibilityGlobals) = postSolution
		SolutionGuid = {42A5B207-46DE-4631-BEB8-602C7E564F81}
	EndGlobalSection
EndGlobal
