
Microsoft Visual Studio Solution File, Format Version 12.00
# Visual Studio Version 16
VisualStudioVersion = 16.0.29920.165
MinimumVisualStudioVersion = 10.0.40219.1
Project("{FAE04EC0-301F-11D3-BF4B-00C04F79EFBC}") = "GroupAnagrams", "GroupAnagrams.csproj", "{38465768-41E6-4EDB-89D4-C0DA1CE84612}"
EndProject
Global
	GlobalSection(SolutionConfigurationPlatforms) = preSolution
		Debug|Any CPU = Debug|Any CPU
		Release|Any CPU = Release|Any CPU
	EndGlobalSection
	GlobalSection(ProjectConfigurationPlatforms) = postSolution
		{38465768-41E6-4EDB-89D4-C0DA1CE84612}.Debug|Any CPU.ActiveCfg = Debug|Any CPU
		{38465768-41E6-4EDB-89D4-C0DA1CE84612}.Debug|Any CPU.Build.0 = Debug|Any CPU
		{38465768-41E6-4EDB-89D4-C0DA1CE84612}.Release|Any CPU.ActiveCfg = Release|Any CPU
		{38465768-41E6-4EDB-89D4-C0DA1CE84612}.Release|Any CPU.Build.0 = Release|Any CPU
	EndGlobalSection
	GlobalSection(SolutionProperties) = preSolution
		HideSolutionNode = FALSE
	EndGlobalSection
	GlobalSection(ExtensibilityGlobals) = postSolution
		SolutionGuid = {515B416B-92E2-4194-BCEC-242F9368BFE2}
	EndGlobalSection
EndGlobal
