
Microsoft Visual Studio Solution File, Format Version 12.00
# Visual Studio Version 16
VisualStudioVersion = 16.0.29926.136
MinimumVisualStudioVersion = 10.0.40219.1
Project("{FAE04EC0-301F-11D3-BF4B-00C04F79EFBC}") = "FirstUnique", "FirstUnique.csproj", "{3CC801B9-FFE2-4979-A3D1-D06FD5DF3F2F}"
EndProject
Global
	GlobalSection(SolutionConfigurationPlatforms) = preSolution
		Debug|Any CPU = Debug|Any CPU
		Release|Any CPU = Release|Any CPU
	EndGlobalSection
	GlobalSection(ProjectConfigurationPlatforms) = postSolution
		{3CC801B9-FFE2-4979-A3D1-D06FD5DF3F2F}.Debug|Any CPU.ActiveCfg = Debug|Any CPU
		{3CC801B9-FFE2-4979-A3D1-D06FD5DF3F2F}.Debug|Any CPU.Build.0 = Debug|Any CPU
		{3CC801B9-FFE2-4979-A3D1-D06FD5DF3F2F}.Release|Any CPU.ActiveCfg = Release|Any CPU
		{3CC801B9-FFE2-4979-A3D1-D06FD5DF3F2F}.Release|Any CPU.Build.0 = Release|Any CPU
	EndGlobalSection
	GlobalSection(SolutionProperties) = preSolution
		HideSolutionNode = FALSE
	EndGlobalSection
	GlobalSection(ExtensibilityGlobals) = postSolution
		SolutionGuid = {955423F5-20F3-4EE1-827B-3439E2C8F213}
	EndGlobalSection
EndGlobal
