
Microsoft Visual Studio Solution File, Format Version 12.00
# Visual Studio Version 16
VisualStudioVersion = 16.0.29926.136
MinimumVisualStudioVersion = 10.0.40219.1
Project("{FAE04EC0-301F-11D3-BF4B-00C04F79EFBC}") = "CheckValidString", "CheckValidString\CheckValidString.csproj", "{2C1A0601-6A63-481A-A024-DEE070653DF1}"
EndProject
Global
	GlobalSection(SolutionConfigurationPlatforms) = preSolution
		Debug|Any CPU = Debug|Any CPU
		Release|Any CPU = Release|Any CPU
	EndGlobalSection
	GlobalSection(ProjectConfigurationPlatforms) = postSolution
		{2C1A0601-6A63-481A-A024-DEE070653DF1}.Debug|Any CPU.ActiveCfg = Debug|Any CPU
		{2C1A0601-6A63-481A-A024-DEE070653DF1}.Debug|Any CPU.Build.0 = Debug|Any CPU
		{2C1A0601-6A63-481A-A024-DEE070653DF1}.Release|Any CPU.ActiveCfg = Release|Any CPU
		{2C1A0601-6A63-481A-A024-DEE070653DF1}.Release|Any CPU.Build.0 = Release|Any CPU
	EndGlobalSection
	GlobalSection(SolutionProperties) = preSolution
		HideSolutionNode = FALSE
	EndGlobalSection
	GlobalSection(ExtensibilityGlobals) = postSolution
		SolutionGuid = {5A06B13A-A6FB-4655-88BA-0CBB37C49FBA}
	EndGlobalSection
EndGlobal
