
Microsoft Visual Studio Solution File, Format Version 12.00
# Visual Studio Version 16
VisualStudioVersion = 16.0.29926.136
MinimumVisualStudioVersion = 10.0.40219.1
Project("{FAE04EC0-301F-11D3-BF4B-00C04F79EFBC}") = "MiddleNode", "MiddleNode.csproj", "{B0EF5389-4DC2-4494-B897-2E94F15B5F7F}"
EndProject
Global
	GlobalSection(SolutionConfigurationPlatforms) = preSolution
		Debug|Any CPU = Debug|Any CPU
		Release|Any CPU = Release|Any CPU
	EndGlobalSection
	GlobalSection(ProjectConfigurationPlatforms) = postSolution
		{B0EF5389-4DC2-4494-B897-2E94F15B5F7F}.Debug|Any CPU.ActiveCfg = Debug|Any CPU
		{B0EF5389-4DC2-4494-B897-2E94F15B5F7F}.Debug|Any CPU.Build.0 = Debug|Any CPU
		{B0EF5389-4DC2-4494-B897-2E94F15B5F7F}.Release|Any CPU.ActiveCfg = Release|Any CPU
		{B0EF5389-4DC2-4494-B897-2E94F15B5F7F}.Release|Any CPU.Build.0 = Release|Any CPU
	EndGlobalSection
	GlobalSection(SolutionProperties) = preSolution
		HideSolutionNode = FALSE
	EndGlobalSection
	GlobalSection(ExtensibilityGlobals) = postSolution
		SolutionGuid = {EE959F79-8DB7-4D06-9A7D-69E0F4EBC40B}
	EndGlobalSection
EndGlobal
