
Microsoft Visual Studio Solution File, Format Version 12.00
# Visual Studio Version 16
VisualStudioVersion = 16.0.29926.136
MinimumVisualStudioVersion = 10.0.40219.1
Project("{FAE04EC0-301F-11D3-BF4B-00C04F79EFBC}") = "MinPathSum", "MinPathSum.csproj", "{19E64893-48AF-47C1-85A4-F77E62B01EBB}"
EndProject
Global
	GlobalSection(SolutionConfigurationPlatforms) = preSolution
		Debug|Any CPU = Debug|Any CPU
		Release|Any CPU = Release|Any CPU
	EndGlobalSection
	GlobalSection(ProjectConfigurationPlatforms) = postSolution
		{19E64893-48AF-47C1-85A4-F77E62B01EBB}.Debug|Any CPU.ActiveCfg = Debug|Any CPU
		{19E64893-48AF-47C1-85A4-F77E62B01EBB}.Debug|Any CPU.Build.0 = Debug|Any CPU
		{19E64893-48AF-47C1-85A4-F77E62B01EBB}.Release|Any CPU.ActiveCfg = Release|Any CPU
		{19E64893-48AF-47C1-85A4-F77E62B01EBB}.Release|Any CPU.Build.0 = Release|Any CPU
	EndGlobalSection
	GlobalSection(SolutionProperties) = preSolution
		HideSolutionNode = FALSE
	EndGlobalSection
	GlobalSection(ExtensibilityGlobals) = postSolution
		SolutionGuid = {A18F4513-A081-4C2F-B218-FA520AD00575}
	EndGlobalSection
EndGlobal
